
Microsoft Visual Studio Solution File, Format Version 12.00
# Visual Studio Version 16
VisualStudioVersion = 16.0.30002.166
MinimumVisualStudioVersion = 10.0.40219.1
Project("{FAE04EC0-301F-11D3-BF4B-00C04F79EFBC}") = "Santorini", "Santorini.csproj", "{60A1FC05-A8D5-43BC-ADB3-3997F49185B8}"
EndProject
Global
	GlobalSection(SolutionConfigurationPlatforms) = preSolution
		Debug|Any CPU = Debug|Any CPU
		Release|Any CPU = Release|Any CPU
	EndGlobalSection
	GlobalSection(ProjectConfigurationPlatforms) = postSolution
		{60A1FC05-A8D5-43BC-ADB3-3997F49185B8}.Debug|Any CPU.ActiveCfg = Debug|Any CPU
		{60A1FC05-A8D5-43BC-ADB3-3997F49185B8}.Debug|Any CPU.Build.0 = Debug|Any CPU
		{60A1FC05-A8D5-43BC-ADB3-3997F49185B8}.Release|Any CPU.ActiveCfg = Release|Any CPU
		{60A1FC05-A8D5-43BC-ADB3-3997F49185B8}.Release|Any CPU.Build.0 = Release|Any CPU
	EndGlobalSection
	GlobalSection(SolutionProperties) = preSolution
		HideSolutionNode = FALSE
	EndGlobalSection
	GlobalSection(ExtensibilityGlobals) = postSolution
		SolutionGuid = {5D3E86AB-3A63-46E9-AB26-25F47F5DA36B}
	EndGlobalSection
EndGlobal
